
Microsoft Visual Studio Solution File, Format Version 12.00
# Visual Studio Version 17
VisualStudioVersion = 17.10.35013.160
MinimumVisualStudioVersion = 10.0.40219.1
Project("{FAE04EC0-301F-11D3-BF4B-00C04F79EFBC}") = "CallAPi", "CallAPi\CallAPi.csproj", "{DF654421-F1B6-40B8-AD8E-5DB665E5828E}"
EndProject
Global
	GlobalSection(SolutionConfigurationPlatforms) = preSolution
		Debug|Any CPU = Debug|Any CPU
		Release|Any CPU = Release|Any CPU
	EndGlobalSection
	GlobalSection(ProjectConfigurationPlatforms) = postSolution
		{DF654421-F1B6-40B8-AD8E-5DB665E5828E}.Debug|Any CPU.ActiveCfg = Debug|Any CPU
		{DF654421-F1B6-40B8-AD8E-5DB665E5828E}.Debug|Any CPU.Build.0 = Debug|Any CPU
		{DF654421-F1B6-40B8-AD8E-5DB665E5828E}.Release|Any CPU.ActiveCfg = Release|Any CPU
		{DF654421-F1B6-40B8-AD8E-5DB665E5828E}.Release|Any CPU.Build.0 = Release|Any CPU
	EndGlobalSection
	GlobalSection(SolutionProperties) = preSolution
		HideSolutionNode = FALSE
	EndGlobalSection
	GlobalSection(ExtensibilityGlobals) = postSolution
		SolutionGuid = {9909A197-63C0-49ED-B43E-5916C380895A}
	EndGlobalSection
EndGlobal
